// !$*UTF8*$!
{
	archiveVersion = 1;
	classes = {
	};
	objectVersion = 46;
	objects = {

/* Begin PBXBuildFile section */
		A9CD53601E4ACCFA00AB26AE /* main.m in Sources */ = {isa = PBXBuildFile; fileRef = A9CD535F1E4ACCFA00AB26AE /* main.m */; };
		A9CD53631E4ACCFA00AB26AE /* AppDelegate.m in Sources */ = {isa = PBXBuildFile; fileRef = A9CD53621E4ACCFA00AB26AE /* AppDelegate.m */; };
		A9CD53661E4ACCFA00AB26AE /* ViewController.m in Sources */ = {isa = PBXBuildFile; fileRef = A9CD53651E4ACCFA00AB26AE /* ViewController.m */; };
		A9CD53691E4ACCFA00AB26AE /* Main.storyboard in Resources */ = {isa = PBXBuildFile; fileRef = A9CD53671E4ACCFA00AB26AE /* Main.storyboard */; };
		A9CD536B1E4ACCFA00AB26AE /* Assets.xcassets in Resources */ = {isa = PBXBuildFile; fileRef = A9CD536A1E4ACCFA00AB26AE /* Assets.xcassets */; };
		A9CD536E1E4ACCFA00AB26AE /* LaunchScreen.storyboard in Resources */ = {isa = PBXBuildFile; fileRef = A9CD536C1E4ACCFA00AB26AE /* LaunchScreen.storyboard */; };
		A9CD53781E4ACD2B00AB26AE /* NSObject+Swizzled.m in Sources */ = {isa = PBXBuildFile; fileRef = A9CD53771E4ACD2B00AB26AE /* NSObject+Swizzled.m */; };
/* End PBXBuildFile section */

/* Begin PBXFileReference section */
		A9CD535B1E4ACCFA00AB26AE /* NSObject-Swizzled.app */ = {isa = PBXFileReference; explicitFileType = wrapper.application; includeInIndex = 0; path = "NSObject-Swizzled.app"; sourceTree = BUILT_PRODUCTS_DIR; };
		A9CD535F1E4ACCFA00AB26AE /* main.m */ = {isa = PBXFileReference; lastKnownFileType = sourcecode.c.objc; path = main.m; sourceTree = "<group>"; };
		A9CD53611E4ACCFA00AB26AE /* AppDelegate.h */ = {isa = PBXFileReference; lastKnownFileType = sourcecode.c.h; path = AppDelegate.h; sourceTree = "<group>"; };
		A9CD53621E4ACCFA00AB26AE /* AppDelegate.m */ = {isa = PBXFileReference; lastKnownFileType = sourcecode.c.objc; path = AppDelegate.m; sourceTree = "<group>"; };
		A9CD53641E4ACCFA00AB26AE /* ViewController.h */ = {isa = PBXFileReference; lastKnownFileType = sourcecode.c.h; path = ViewController.h; sourceTree = "<group>"; };
		A9CD53651E4ACCFA00AB26AE /* ViewController.m */ = {isa = PBXFileReference; lastKnownFileType = sourcecode.c.objc; path = ViewController.m; sourceTree = "<group>"; };
		A9CD53681E4ACCFA00AB26AE /* Base */ = {isa = PBXFileReference; lastKnownFileType = file.storyboard; name = Base; path = Base.lproj/Main.storyboard; sourceTree = "<group>"; };
		A9CD536A1E4ACCFA00AB26AE /* Assets.xcassets */ = {isa = PBXFileReference; lastKnownFileType = folder.assetcatalog; path = Assets.xcassets; sourceTree = "<group>"; };
		A9CD536D1E4ACCFA00AB26AE /* Base */ = {isa = PBXFileReference; lastKnownFileType = file.storyboard; name = Base; path = Base.lproj/LaunchScreen.storyboard; sourceTree = "<group>"; };
		A9CD536F1E4ACCFA00AB26AE /* Info.plist */ = {isa = PBXFileReference; lastKnownFileType = text.plist.xml; path = Info.plist; sourceTree = "<group>"; };
		A9CD53761E4ACD2B00AB26AE /* NSObject+Swizzled.h */ = {isa = PBXFileReference; fileEncoding = 4; lastKnownFileType = sourcecode.c.h; path = "NSObject+Swizzled.h"; sourceTree = "<group>"; };
		A9CD53771E4ACD2B00AB26AE /* NSObject+Swizzled.m */ = {isa = PBXFileReference; fileEncoding = 4; lastKnownFileType = sourcecode.c.objc; path = "NSObject+Swizzled.m"; sourceTree = "<group>"; };
/* End PBXFileReference section */

/* Begin PBXFrameworksBuildPhase section */
		A9CD53581E4ACCFA00AB26AE /* Frameworks */ = {
			isa = PBXFrameworksBuildPhase;
			buildActionMask = 2147483647;
			files = (
			);
			runOnlyForDeploymentPostprocessing = 0;
		};
/* End PBXFrameworksBuildPhase section */

/* Begin PBXGroup section */
		A9CD53521E4ACCFA00AB26AE = {
			isa = PBXGroup;
			children = (
				A9CD535D1E4ACCFA00AB26AE /* NSObject-Swizzled */,
				A9CD535C1E4ACCFA00AB26AE /* Products */,
			);
			sourceTree = "<group>";
		};
		A9CD535C1E4ACCFA00AB26AE /* Products */ = {
			isa = PBXGroup;
			children = (
				A9CD535B1E4ACCFA00AB26AE /* NSObject-Swizzled.app */,
			);
			name = Products;
			sourceTree = "<group>";
		};
		A9CD535D1E4ACCFA00AB26AE /* NSObject-Swizzled */ = {
			isa = PBXGroup;
			children = (
				A9CD53751E4ACD2B00AB26AE /* NSObject+Swizzled */,
				A9CD53611E4ACCFA00AB26AE /* AppDelegate.h */,
				A9CD53621E4ACCFA00AB26AE /* AppDelegate.m */,
				A9CD53641E4ACCFA00AB26AE /* ViewController.h */,
				A9CD53651E4ACCFA00AB26AE /* ViewController.m */,
				A9CD53671E4ACCFA00AB26AE /* Main.storyboard */,
				A9CD536A1E4ACCFA00AB26AE /* Assets.xcassets */,
				A9CD536C1E4ACCFA00AB26AE /* LaunchScreen.storyboard */,
				A9CD536F1E4ACCFA00AB26AE /* Info.plist */,
				A9CD535E1E4ACCFA00AB26AE /* Supporting Files */,
			);
			path = "NSObject-Swizzled";
			sourceTree = "<group>";
		};
		A9CD535E1E4ACCFA00AB26AE /* Supporting Files */ = {
			isa = PBXGroup;
			children = (
				A9CD535F1E4ACCFA00AB26AE /* main.m */,
			);
			name = "Supporting Files";
			sourceTree = "<group>";
		};
		A9CD53751E4ACD2B00AB26AE /* NSObject+Swizzled */ = {
			isa = PBXGroup;
			children = (
				A9CD53761E4ACD2B00AB26AE /* NSObject+Swizzled.h */,
				A9CD53771E4ACD2B00AB26AE /* NSObject+Swizzled.m */,
			);
			path = "NSObject+Swizzled";
			sourceTree = "<group>";
		};
/* End PBXGroup section */

/* Begin PBXNativeTarget section */
		A9CD535A1E4ACCFA00AB26AE /* NSObject-Swizzled */ = {
			isa = PBXNativeTarget;
			buildConfigurationList = A9CD53721E4ACCFA00AB26AE /* Build configuration list for PBXNativeTarget "NSObject-Swizzled" */;
			buildPhases = (
				A9CD53571E4ACCFA00AB26AE /* Sources */,
				A9CD53581E4ACCFA00AB26AE /* Frameworks */,
				A9CD53591E4ACCFA00AB26AE /* Resources */,
			);
			buildRules = (
			);
			dependencies = (
			);
			name = "NSObject-Swizzled";
			productName = "NSObject-Swizzled";
			productReference = A9CD535B1E4ACCFA00AB26AE /* NSObject-Swizzled.app */;
			productType = "com.apple.product-type.application";
		};
/* End PBXNativeTarget section */

/* Begin PBXProject section */
		A9CD53531E4ACCFA00AB26AE /* Project object */ = {
			isa = PBXProject;
			attributes = {
				LastUpgradeCheck = 0820;
				ORGANIZATIONNAME = iOSMax;
				TargetAttributes = {
					A9CD535A1E4ACCFA00AB26AE = {
						CreatedOnToolsVersion = 8.2.1;
						ProvisioningStyle = Automatic;
					};
				};
			};
			buildConfigurationList = A9CD53561E4ACCFA00AB26AE /* Build configuration list for PBXProject "NSObject-Swizzled" */;
			compatibilityVersion = "Xcode 3.2";
			developmentRegion = English;
			hasScannedForEncodings = 0;
			knownRegions = (
				en,
				Base,
			);
			mainGroup = A9CD53521E4ACCFA00AB26AE;
			productRefGroup = A9CD535C1E4ACCFA00AB26AE /* Products */;
			projectDirPath = "";
			projectRoot = "";
			targets = (
				A9CD535A1E4ACCFA00AB26AE /* NSObject-Swizzled */,
			);
		};
/* End PBXProject section */

/* Begin PBXResourcesBuildPhase section */
		A9CD53591E4ACCFA00AB26AE /* Resources */ = {
			isa = PBXResourcesBuildPhase;
			buildActionMask = 2147483647;
			files = (
				A9CD536E1E4ACCFA00AB26AE /* LaunchScreen.storyboard in Resources */,
				A9CD536B1E4ACCFA00AB26AE /* Assets.xcassets in Resources */,
				A9CD53691E4ACCFA00AB26AE /* Main.storyboard in Resources */,
			);
			runOnlyForDeploymentPostprocessing = 0;
		};
/* End PBXResourcesBuildPhase section */

/* Begin PBXSourcesBuildPhase section */
		A9CD53571E4ACCFA00AB26AE /* Sources */ = {
			isa = PBXSourcesBuildPhase;
			buildActionMask = 2147483647;
			files = (
				A9CD53661E4ACCFA00AB26AE /* ViewController.m in Sources */,
				A9CD53781E4ACD2B00AB26AE /* NSObject+Swizzled.m in Sources */,
				A9CD53631E4ACCFA00AB26AE /* AppDelegate.m in Sources */,
				A9CD53601E4ACCFA00AB26AE /* main.m in Sources */,
			);
			runOnlyForDeploymentPostprocessing = 0;
		};
/* End PBXSourcesBuildPhase section */

/* Begin PBXVariantGroup section */
		A9CD53671E4ACCFA00AB26AE /* Main.storyboard */ = {
			isa = PBXVariantGroup;
			children = (
				A9CD53681E4ACCFA00AB26AE /* Base */,
			);
			name = Main.storyboard;
			sourceTree = "<group>";
		};
		A9CD536C1E4ACCFA00AB26AE /* LaunchScreen.storyboard */ = {
			isa = PBXVariantGroup;
			children = (
				A9CD536D1E4ACCFA00AB26AE /* Base */,
			);
			name = LaunchScreen.storyboard;
			sourceTree = "<group>";
		};
/* End PBXVariantGroup section */

/* Begin XCBuildConfiguration section */
		A9CD53701E4ACCFA00AB26AE /* Debug */ = {
			isa = XCBuildConfiguration;
			buildSettings = {
				ALWAYS_SEARCH_USER_PATHS = NO;
				CLANG_ANALYZER_NONNULL = YES;
				CLANG_CXX_LANGUAGE_STANDARD = "gnu++0x";
				CLANG_CXX_LIBRARY = "libc++";
				CLANG_ENABLE_MODULES = YES;
				CLANG_ENABLE_OBJC_ARC = YES;
				CLANG_WARN_BOOL_CONVERSION = YES;
				CLANG_WARN_CONSTANT_CONVERSION = YES;
				CLANG_WARN_DIRECT_OBJC_ISA_USAGE = YES_ERROR;
				CLANG_WARN_DOCUMENTATION_COMMENTS = YES;
				CLANG_WARN_EMPTY_BODY = YES;
				CLANG_WARN_ENUM_CONVERSION = YES;
				CLANG_WARN_INFINITE_RECURSION = YES;
				CLANG_WARN_INT_CONVERSION = YES;
				CLANG_WARN_OBJC_ROOT_CLASS = YES_ERROR;
				CLANG_WARN_SUSPICIOUS_MOVE = YES;
				CLANG_WARN_UNREACHABLE_CODE = YES;
				CLANG_WARN__DUPLICATE_METHOD_MATCH = YES;
				"CODE_SIGN_IDENTITY[sdk=iphoneos*]" = "iPhone Developer";
				COPY_PHASE_STRIP = NO;
				DEBUG_INFORMATION_FORMAT = dwarf;
				ENABLE_STRICT_OBJC_MSGSEND = YES;
				ENABLE_TESTABILITY = YES;
				GCC_C_LANGUAGE_STANDARD = gnu99;
				GCC_DYNAMIC_NO_PIC = NO;
				GCC_NO_COMMON_BLOCKS = YES;
				GCC_OPTIMIZATION_LEVEL = 0;
				GCC_PREPROCESSOR_DEFINITIONS = (
					"DEBUG=1",
					"$(inherited)",
				);
				GCC_WARN_64_TO_32_BIT_CONVERSION = YES;
				GCC_WARN_ABOUT_RETURN_TYPE = YES_ERROR;
				GCC_WARN_UNDECLARED_SELECTOR = YES;
				GCC_WARN_UNINITIALIZED_AUTOS = YES_AGGRESSIVE;
				GCC_WARN_UNUSED_FUNCTION = YES;
				GCC_WARN_UNUSED_VARIABLE = YES;
				IPHONEOS_DEPLOYMENT_TARGET = 10.2;
				MTL_ENABLE_DEBUG_INFO = YES;
				ONLY_ACTIVE_ARCH = YES;
				SDKROOT = iphoneos;
			};
			name = Debug;
		};
		A9CD53711E4ACCFA00AB26AE /* Release */ = {
			isa = XCBuildConfiguration;
			buildSettings = {
				ALWAYS_SEARCH_USER_PATHS = NO;
				CLANG_ANALYZER_NONNULL = YES;
				CLANG_CXX_LANGUAGE_STANDARD = "gnu++0x";
				CLANG_CXX_LIBRARY = "libc++";
				CLANG_ENABLE_MODULES = YES;
				CLANG_ENABLE_OBJC_ARC = YES;
				CLANG_WARN_BOOL_CONVERSION = YES;
				CLANG_WARN_CONSTANT_CONVERSION = YES;
				CLANG_WARN_DIRECT_OBJC_ISA_USAGE = YES_ERROR;
				CLANG_WARN_DOCUMENTATION_COMMENTS = YES;
				CLANG_WARN_EMPTY_BODY = YES;
				CLANG_WARN_ENUM_CONVERSION = YES;
				CLANG_WARN_INFINITE_RECURSION = YES;
				CLANG_WARN_INT_CONVERSION = YES;
				CLANG_WARN_OBJC_ROOT_CLASS = YES_ERROR;
				CLANG_WARN_SUSPICIOUS_MOVE = YES;
				CLANG_WARN_UNREACHABLE_CODE = YES;
				CLANG_WARN__DUPLICATE_METHOD_MATCH = YES;
				"CODE_SIGN_IDENTITY[sdk=iphoneos*]" = "iPhone Developer";
				COPY_PHASE_STRIP = NO;
				DEBUG_INFORMATION_FORMAT = "dwarf-with-dsym";
				ENABLE_NS_ASSERTIONS = NO;
				ENABLE_STRICT_OBJC_MSGSEND = YES;
				GCC_C_LANGUAGE_STANDARD = gnu99;
				GCC_NO_COMMON_BLOCKS = YES;
				GCC_WARN_64_TO_32_BIT_CONVERSION = YES;
				GCC_WARN_ABOUT_RETURN_TYPE = YES_ERROR;
				GCC_WARN_UNDECLARED_SELECTOR = YES;
				GCC_WARN_UNINITIALIZED_AUTOS = YES_AGGRESSIVE;
				GCC_WARN_UNUSED_FUNCTION = YES;
				GCC_WARN_UNUSED_VARIABLE = YES;
				IPHONEOS_DEPLOYMENT_TARGET = 10.2;
				MTL_ENABLE_DEBUG_INFO = NO;
				SDKROOT = iphoneos;
				VALIDATE_PRODUCT = YES;
			};
			name = Release;
		};
		A9CD53731E4ACCFA00AB26AE /* Debug */ = {
			isa = XCBuildConfiguration;
			buildSettings = {
				ASSETCATALOG_COMPILER_APPICON_NAME = AppIcon;
				INFOPLIST_FILE = "NSObject-Swizzled/Info.plist";
				LD_RUNPATH_SEARCH_PATHS = "$(inherited) @executable_path/Frameworks";
				PRODUCT_BUNDLE_IDENTIFIER = "com.shboka.NSObject-Swizzled";
				PRODUCT_NAME = "$(TARGET_NAME)";
			};
			name = Debug;
		};
		A9CD53741E4ACCFA00AB26AE /* Release */ = {
			isa = XCBuildConfiguration;
			buildSettings = {
				ASSETCATALOG_COMPILER_APPICON_NAME = AppIcon;
				INFOPLIST_FILE = "NSObject-Swizzled/Info.plist";
				LD_RUNPATH_SEARCH_PATHS = "$(inherited) @executable_path/Frameworks";
				PRODUCT_BUNDLE_IDENTIFIER = "com.shboka.NSObject-Swizzled";
				PRODUCT_NAME = "$(TARGET_NAME)";
			};
			name = Release;
		};
/* End XCBuildConfiguration section */

/* Begin XCConfigurationList section */
		A9CD53561E4ACCFA00AB26AE /* Build configuration list for PBXProject "NSObject-Swizzled" */ = {
			isa = XCConfigurationList;
			buildConfigurations = (
				A9CD53701E4ACCFA00AB26AE /* Debug */,
				A9CD53711E4ACCFA00AB26AE /* Release */,
			);
			defaultConfigurationIsVisible = 0;
			defaultConfigurationName = Release;
		};
		A9CD53721E4ACCFA00AB26AE /* Build configuration list for PBXNativeTarget "NSObject-Swizzled" */ = {
			isa = XCConfigurationList;
			buildConfigurations = (
				A9CD53731E4ACCFA00AB26AE /* Debug */,
				A9CD53741E4ACCFA00AB26AE /* Release */,
			);
			defaultConfigurationIsVisible = 0;
		};
/* End XCConfigurationList section */
	};
	rootObject = A9CD53531E4ACCFA00AB26AE /* Project object */;
}
